
Microsoft Visual Studio Solution File, Format Version 12.00
# Visual Studio Version 17
VisualStudioVersion = 17.9.34902.65
MinimumVisualStudioVersion = 10.0.40219.1
Project("{FAE04EC0-301F-11D3-BF4B-00C04F79EFBC}") = "LitSyntaxHighlighter", "LitSyntaxHighlighter\LitSyntaxHighlighter.csproj", "{3DB2FD9B-2135-4C43-8730-DBE619F180DD}"
EndProject
Project("{2150E333-8FDC-42A3-9474-1A3956D46DE8}") = "Solution Items", "Solution Items", "{C7AA9BE8-46CE-4BDE-B10F-2F6AD47CAD56}"
	ProjectSection(SolutionItems) = preProject
		TestFiles\test.js = TestFiles\test.js
		TestFiles\test.ts = TestFiles\test.ts
	EndProjectSection
EndProject
Global
	GlobalSection(SolutionConfigurationPlatforms) = preSolution
		Debug|Any CPU = Debug|Any CPU
		Debug|arm64 = Debug|arm64
		Debug|x86 = Debug|x86
		Release|Any CPU = Release|Any CPU
		Release|arm64 = Release|arm64
		Release|x86 = Release|x86
	EndGlobalSection
	GlobalSection(ProjectConfigurationPlatforms) = postSolution
		{3DB2FD9B-2135-4C43-8730-DBE619F180DD}.Debug|Any CPU.ActiveCfg = Debug|Any CPU
		{3DB2FD9B-2135-4C43-8730-DBE619F180DD}.Debug|Any CPU.Build.0 = Debug|Any CPU
		{3DB2FD9B-2135-4C43-8730-DBE619F180DD}.Debug|arm64.ActiveCfg = Debug|arm64
		{3DB2FD9B-2135-4C43-8730-DBE619F180DD}.Debug|arm64.Build.0 = Debug|arm64
		{3DB2FD9B-2135-4C43-8730-DBE619F180DD}.Debug|x86.ActiveCfg = Debug|x86
		{3DB2FD9B-2135-4C43-8730-DBE619F180DD}.Debug|x86.Build.0 = Debug|x86
		{3DB2FD9B-2135-4C43-8730-DBE619F180DD}.Release|Any CPU.ActiveCfg = Release|Any CPU
		{3DB2FD9B-2135-4C43-8730-DBE619F180DD}.Release|Any CPU.Build.0 = Release|Any CPU
		{3DB2FD9B-2135-4C43-8730-DBE619F180DD}.Release|arm64.ActiveCfg = Release|arm64
		{3DB2FD9B-2135-4C43-8730-DBE619F180DD}.Release|arm64.Build.0 = Release|arm64
		{3DB2FD9B-2135-4C43-8730-DBE619F180DD}.Release|x86.ActiveCfg = Release|x86
		{3DB2FD9B-2135-4C43-8730-DBE619F180DD}.Release|x86.Build.0 = Release|x86
	EndGlobalSection
	GlobalSection(SolutionProperties) = preSolution
		HideSolutionNode = FALSE
	EndGlobalSection
	GlobalSection(ExtensibilityGlobals) = postSolution
		SolutionGuid = {9DD5F276-7E31-4DB8-AE27-B14C474802AE}
	EndGlobalSection
EndGlobal
